{
  "name": "apikey-server",
  "version": "1.0.0",
  "lockfileVersion": 1,
  "requires": true,
  "dependencies": {
    "base32": {
      "version": "0.0.7",
      "resolved": "https://registry.npmjs.org/base32/-/base32-0.0.7.tgz",
      "integrity": "sha512-ire9Jmh+BsUk4Idu0wu6aKeJJr/2j28Mlu0qqJBd1SyOGxW/VRotkfwAv3/KE/entVlNwCefs9bxi7kBeCIxTQ==",
      "requires": {
        "minimist": "^1.2.6"
      }
    },
    "ip": {
      "version": "2.0.1",
      "resolved": "https://registry.npmjs.org/ip/-/ip-2.0.1.tgz",
      "integrity": "sha512-lJUL9imLTNi1ZfXT+DU6rBBdbiKGBuay9B6xGSPVjUeQwaH1RIGqef8RZkUtHioLmSNpPR5M4HVKJGm1j8FWVQ=="
    },
    "minimist": {
      "version": "1.2.8",
      "resolved": "https://registry.npmjs.org/minimist/-/minimist-1.2.8.tgz",
      "integrity": "sha512-2yyAR8qBkN3YuheJanUpWC5U3bb5osDywNB8RzDVlDwDHbocAJveqqj1u8+SVD7jkWT4yvsHCpWqqWqAxb0zCA=="
    }
  }
}
